
Microsoft Visual Studio Solution File, Format Version 12.00
# Visual Studio Version 17
VisualStudioVersion = 17.8.34511.84
MinimumVisualStudioVersion = 10.0.40219.1
Project("{FAE04EC0-301F-11D3-BF4B-00C04F79EFBC}") = "ContractMonthlyClaimSystem", "ContractMonthlyClaimSystem.csproj", "{C37480D8-CE6A-474F-8C0E-3DD490C279A0}"
EndProject
Global
	GlobalSection(SolutionConfigurationPlatforms) = preSolution
		Debug|Any CPU = Debug|Any CPU
		Release|Any CPU = Release|Any CPU
	EndGlobalSection
	GlobalSection(ProjectConfigurationPlatforms) = postSolution
		{C37480D8-CE6A-474F-8C0E-3DD490C279A0}.Debug|Any CPU.ActiveCfg = Debug|Any CPU
		{C37480D8-CE6A-474F-8C0E-3DD490C279A0}.Debug|Any CPU.Build.0 = Debug|Any CPU
		{C37480D8-CE6A-474F-8C0E-3DD490C279A0}.Release|Any CPU.ActiveCfg = Release|Any CPU
		{C37480D8-CE6A-474F-8C0E-3DD490C279A0}.Release|Any CPU.Build.0 = Release|Any CPU
	EndGlobalSection
	GlobalSection(SolutionProperties) = preSolution
		HideSolutionNode = FALSE
	EndGlobalSection
	GlobalSection(ExtensibilityGlobals) = postSolution
		SolutionGuid = {FC207B6D-3E7B-43CB-AE51-AB80B0147B04}
	EndGlobalSection
EndGlobal
